// !$*UTF8*$!
{
	archiveVersion = 1;
	classes = {
	};
	objectVersion = 46;
	objects = {

/* Begin PBXBuildFile section */
		CCB69B541D22DB160018B6CB /* AppDelegate.swift in Sources */ = {isa = PBXBuildFile; fileRef = CCB69B531D22DB160018B6CB /* AppDelegate.swift */; };
		CCB69B561D22DB160018B6CB /* GameScene.sks in Resources */ = {isa = PBXBuildFile; fileRef = CCB69B551D22DB160018B6CB /* GameScene.sks */; };
		CCB69B581D22DB160018B6CB /* GameScene.swift in Sources */ = {isa = PBXBuildFile; fileRef = CCB69B571D22DB160018B6CB /* GameScene.swift */; };
		CCB69B5A1D22DB160018B6CB /* GameViewController.swift in Sources */ = {isa = PBXBuildFile; fileRef = CCB69B591D22DB160018B6CB /* GameViewController.swift */; };
		CCB69B5D1D22DB160018B6CB /* Main.storyboard in Resources */ = {isa = PBXBuildFile; fileRef = CCB69B5B1D22DB160018B6CB /* Main.storyboard */; };
		CCB69B5F1D22DB160018B6CB /* Assets.xcassets in Resources */ = {isa = PBXBuildFile; fileRef = CCB69B5E1D22DB160018B6CB /* Assets.xcassets */; };
		CCB69B621D22DB160018B6CB /* LaunchScreen.storyboard in Resources */ = {isa = PBXBuildFile; fileRef = CCB69B601D22DB160018B6CB /* LaunchScreen.storyboard */; };
		CCB69B6D1D22DB160018B6CB /* SushiNekoTests.swift in Sources */ = {isa = PBXBuildFile; fileRef = CCB69B6C1D22DB160018B6CB /* SushiNekoTests.swift */; };
		CCB69B781D22DB160018B6CB /* SushiNekoUITests.swift in Sources */ = {isa = PBXBuildFile; fileRef = CCB69B771D22DB160018B6CB /* SushiNekoUITests.swift */; };
		CCB69B921D22DBA20018B6CB /* background@2x.png in Resources */ = {isa = PBXBuildFile; fileRef = CCB69B861D22DBA20018B6CB /* background@2x.png */; };
		CCB69B931D22DBA20018B6CB /* button@2x.png in Resources */ = {isa = PBXBuildFile; fileRef = CCB69B871D22DBA20018B6CB /* button@2x.png */; };
		CCB69B941D22DBA20018B6CB /* character1@2x.png in Resources */ = {isa = PBXBuildFile; fileRef = CCB69B881D22DBA20018B6CB /* character1@2x.png */; };
		CCB69B951D22DBA20018B6CB /* character2@2x.png in Resources */ = {isa = PBXBuildFile; fileRef = CCB69B891D22DBA20018B6CB /* character2@2x.png */; };
		CCB69B961D22DBA20018B6CB /* character3@2x.png in Resources */ = {isa = PBXBuildFile; fileRef = CCB69B8A1D22DBA20018B6CB /* character3@2x.png */; };
		CCB69B971D22DBA20018B6CB /* chopstick@2x.png in Resources */ = {isa = PBXBuildFile; fileRef = CCB69B8B1D22DBA20018B6CB /* chopstick@2x.png */; };
		CCB69B981D22DBA20018B6CB /* life@2x.png in Resources */ = {isa = PBXBuildFile; fileRef = CCB69B8C1D22DBA20018B6CB /* life@2x.png */; };
		CCB69B991D22DBA20018B6CB /* life_bg@2x.png in Resources */ = {isa = PBXBuildFile; fileRef = CCB69B8D1D22DBA20018B6CB /* life_bg@2x.png */; };
		CCB69B9A1D22DBA20018B6CB /* mat@2x.png in Resources */ = {isa = PBXBuildFile; fileRef = CCB69B8E1D22DBA20018B6CB /* mat@2x.png */; };
		CCB69B9B1D22DBA20018B6CB /* roll@2x.png in Resources */ = {isa = PBXBuildFile; fileRef = CCB69B8F1D22DBA20018B6CB /* roll@2x.png */; };
		CCB69B9C1D22DBA20018B6CB /* tap_left@2x.png in Resources */ = {isa = PBXBuildFile; fileRef = CCB69B901D22DBA20018B6CB /* tap_left@2x.png */; };
		CCB69B9D1D22DBA20018B6CB /* tap_right@2x.png in Resources */ = {isa = PBXBuildFile; fileRef = CCB69B911D22DBA20018B6CB /* tap_right@2x.png */; };
		CCB69BA01D22DBF70018B6CB /* sfx_swipe.caf in Resources */ = {isa = PBXBuildFile; fileRef = CCB69B9F1D22DBF70018B6CB /* sfx_swipe.caf */; };
		CCB69BB11D22DC510018B6CB /* MSButtonNode.swift in Sources */ = {isa = PBXBuildFile; fileRef = CCB69BA21D22DC510018B6CB /* MSButtonNode.swift */; };
		CCB69BB21D22DC510018B6CB /* MSReferenceNode.swift in Sources */ = {isa = PBXBuildFile; fileRef = CCB69BA31D22DC510018B6CB /* MSReferenceNode.swift */; };
		CCB69BB31D22DC510018B6CB /* CGFloat+Extensions.swift in Sources */ = {isa = PBXBuildFile; fileRef = CCB69BA51D22DC510018B6CB /* CGFloat+Extensions.swift */; };
		CCB69BB41D22DC510018B6CB /* CGPoint+Extensions.swift in Sources */ = {isa = PBXBuildFile; fileRef = CCB69BA61D22DC510018B6CB /* CGPoint+Extensions.swift */; };
		CCB69BB51D22DC510018B6CB /* CGVector+Extensions.swift in Sources */ = {isa = PBXBuildFile; fileRef = CCB69BA71D22DC510018B6CB /* CGVector+Extensions.swift */; };
		CCB69BB61D22DC510018B6CB /* Int+Extensions.swift in Sources */ = {isa = PBXBuildFile; fileRef = CCB69BA81D22DC510018B6CB /* Int+Extensions.swift */; };
		CCB69BB71D22DC510018B6CB /* SKAction+Extensions.swift in Sources */ = {isa = PBXBuildFile; fileRef = CCB69BA91D22DC510018B6CB /* SKAction+Extensions.swift */; };
		CCB69BB81D22DC510018B6CB /* SKAction+SpecialEffects.swift in Sources */ = {isa = PBXBuildFile; fileRef = CCB69BAA1D22DC510018B6CB /* SKAction+SpecialEffects.swift */; };
		CCB69BB91D22DC510018B6CB /* SKColor+Extensions.swift in Sources */ = {isa = PBXBuildFile; fileRef = CCB69BAB1D22DC510018B6CB /* SKColor+Extensions.swift */; };
		CCB69BBA1D22DC510018B6CB /* SKNode+Extensions.swift in Sources */ = {isa = PBXBuildFile; fileRef = CCB69BAC1D22DC510018B6CB /* SKNode+Extensions.swift */; };
		CCB69BBB1D22DC510018B6CB /* SKTAudio.swift in Sources */ = {isa = PBXBuildFile; fileRef = CCB69BAD1D22DC510018B6CB /* SKTAudio.swift */; };
		CCB69BBC1D22DC510018B6CB /* SKTEffects.swift in Sources */ = {isa = PBXBuildFile; fileRef = CCB69BAE1D22DC510018B6CB /* SKTEffects.swift */; };
		CCB69BBD1D22DC510018B6CB /* SKTTimingFunctions.swift in Sources */ = {isa = PBXBuildFile; fileRef = CCB69BAF1D22DC510018B6CB /* SKTTimingFunctions.swift */; };
		CCB69BBE1D22DC510018B6CB /* Vector3.swift in Sources */ = {isa = PBXBuildFile; fileRef = CCB69BB01D22DC510018B6CB /* Vector3.swift */; };
		CCB69BC01D22E1150018B6CB /* SushiPiece.swift in Sources */ = {isa = PBXBuildFile; fileRef = CCB69BBF1D22E1150018B6CB /* SushiPiece.swift */; };
		CCB69BC21D22E4390018B6CB /* Character.swift in Sources */ = {isa = PBXBuildFile; fileRef = CCB69BC11D22E4390018B6CB /* Character.swift */; };
		CCB69BC41D22E86A0018B6CB /* AnimationActions.sks in Resources */ = {isa = PBXBuildFile; fileRef = CCB69BC31D22E86A0018B6CB /* AnimationActions.sks */; };
/* End PBXBuildFile section */

/* Begin PBXContainerItemProxy section */
		CCB69B691D22DB160018B6CB /* PBXContainerItemProxy */ = {
			isa = PBXContainerItemProxy;
			containerPortal = CCB69B481D22DB160018B6CB /* Project object */;
			proxyType = 1;
			remoteGlobalIDString = CCB69B4F1D22DB160018B6CB;
			remoteInfo = SushiNeko;
		};
		CCB69B741D22DB160018B6CB /* PBXContainerItemProxy */ = {
			isa = PBXContainerItemProxy;
			containerPortal = CCB69B481D22DB160018B6CB /* Project object */;
			proxyType = 1;
			remoteGlobalIDString = CCB69B4F1D22DB160018B6CB;
			remoteInfo = SushiNeko;
		};
/* End PBXContainerItemProxy section */

/* Begin PBXFileReference section */
		CCB69B501D22DB160018B6CB /* SushiNeko.app */ = {isa = PBXFileReference; explicitFileType = wrapper.application; includeInIndex = 0; path = SushiNeko.app; sourceTree = BUILT_PRODUCTS_DIR; };
		CCB69B531D22DB160018B6CB /* AppDelegate.swift */ = {isa = PBXFileReference; lastKnownFileType = sourcecode.swift; path = AppDelegate.swift; sourceTree = "<group>"; };
		CCB69B551D22DB160018B6CB /* GameScene.sks */ = {isa = PBXFileReference; lastKnownFileType = file.sks; path = GameScene.sks; sourceTree = "<group>"; };
		CCB69B571D22DB160018B6CB /* GameScene.swift */ = {isa = PBXFileReference; lastKnownFileType = sourcecode.swift; path = GameScene.swift; sourceTree = "<group>"; };
		CCB69B591D22DB160018B6CB /* GameViewController.swift */ = {isa = PBXFileReference; lastKnownFileType = sourcecode.swift; path = GameViewController.swift; sourceTree = "<group>"; };
		CCB69B5C1D22DB160018B6CB /* Base */ = {isa = PBXFileReference; lastKnownFileType = file.storyboard; name = Base; path = Base.lproj/Main.storyboard; sourceTree = "<group>"; };
		CCB69B5E1D22DB160018B6CB /* Assets.xcassets */ = {isa = PBXFileReference; lastKnownFileType = folder.assetcatalog; path = Assets.xcassets; sourceTree = "<group>"; };
		CCB69B611D22DB160018B6CB /* Base */ = {isa = PBXFileReference; lastKnownFileType = file.storyboard; name = Base; path = Base.lproj/LaunchScreen.storyboard; sourceTree = "<group>"; };
		CCB69B631D22DB160018B6CB /* Info.plist */ = {isa = PBXFileReference; lastKnownFileType = text.plist.xml; path = Info.plist; sourceTree = "<group>"; };
		CCB69B681D22DB160018B6CB /* SushiNekoTests.xctest */ = {isa = PBXFileReference; explicitFileType = wrapper.cfbundle; includeInIndex = 0; path = SushiNekoTests.xctest; sourceTree = BUILT_PRODUCTS_DIR; };
		CCB69B6C1D22DB160018B6CB /* SushiNekoTests.swift */ = {isa = PBXFileReference; lastKnownFileType = sourcecode.swift; path = SushiNekoTests.swift; sourceTree = "<group>"; };
		CCB69B6E1D22DB160018B6CB /* Info.plist */ = {isa = PBXFileReference; lastKnownFileType = text.plist.xml; path = Info.plist; sourceTree = "<group>"; };
		CCB69B731D22DB160018B6CB /* SushiNekoUITests.xctest */ = {isa = PBXFileReference; explicitFileType = wrapper.cfbundle; includeInIndex = 0; path = SushiNekoUITests.xctest; sourceTree = BUILT_PRODUCTS_DIR; };
		CCB69B771D22DB160018B6CB /* SushiNekoUITests.swift */ = {isa = PBXFileReference; lastKnownFileType = sourcecode.swift; path = SushiNekoUITests.swift; sourceTree = "<group>"; };
		CCB69B791D22DB160018B6CB /* Info.plist */ = {isa = PBXFileReference; lastKnownFileType = text.plist.xml; path = Info.plist; sourceTree = "<group>"; };
		CCB69B861D22DBA20018B6CB /* background@2x.png */ = {isa = PBXFileReference; lastKnownFileType = image.png; path = "background@2x.png"; sourceTree = "<group>"; };
		CCB69B871D22DBA20018B6CB /* button@2x.png */ = {isa = PBXFileReference; lastKnownFileType = image.png; path = "button@2x.png"; sourceTree = "<group>"; };
		CCB69B881D22DBA20018B6CB /* character1@2x.png */ = {isa = PBXFileReference; lastKnownFileType = image.png; path = "character1@2x.png"; sourceTree = "<group>"; };
		CCB69B891D22DBA20018B6CB /* character2@2x.png */ = {isa = PBXFileReference; lastKnownFileType = image.png; path = "character2@2x.png"; sourceTree = "<group>"; };
		CCB69B8A1D22DBA20018B6CB /* character3@2x.png */ = {isa = PBXFileReference; lastKnownFileType = image.png; path = "character3@2x.png"; sourceTree = "<group>"; };
		CCB69B8B1D22DBA20018B6CB /* chopstick@2x.png */ = {isa = PBXFileReference; lastKnownFileType = image.png; path = "chopstick@2x.png"; sourceTree = "<group>"; };
		CCB69B8C1D22DBA20018B6CB /* life@2x.png */ = {isa = PBXFileReference; lastKnownFileType = image.png; path = "life@2x.png"; sourceTree = "<group>"; };
		CCB69B8D1D22DBA20018B6CB /* life_bg@2x.png */ = {isa = PBXFileReference; lastKnownFileType = image.png; path = "life_bg@2x.png"; sourceTree = "<group>"; };
		CCB69B8E1D22DBA20018B6CB /* mat@2x.png */ = {isa = PBXFileReference; lastKnownFileType = image.png; path = "mat@2x.png"; sourceTree = "<group>"; };
		CCB69B8F1D22DBA20018B6CB /* roll@2x.png */ = {isa = PBXFileReference; lastKnownFileType = image.png; path = "roll@2x.png"; sourceTree = "<group>"; };
		CCB69B901D22DBA20018B6CB /* tap_left@2x.png */ = {isa = PBXFileReference; lastKnownFileType = image.png; path = "tap_left@2x.png"; sourceTree = "<group>"; };
		CCB69B911D22DBA20018B6CB /* tap_right@2x.png */ = {isa = PBXFileReference; lastKnownFileType = image.png; path = "tap_right@2x.png"; sourceTree = "<group>"; };
		CCB69B9F1D22DBF70018B6CB /* sfx_swipe.caf */ = {isa = PBXFileReference; lastKnownFileType = file; path = sfx_swipe.caf; sourceTree = "<group>"; };
		CCB69BA21D22DC510018B6CB /* MSButtonNode.swift */ = {isa = PBXFileReference; fileEncoding = 4; lastKnownFileType = sourcecode.swift; path = MSButtonNode.swift; sourceTree = "<group>"; };
		CCB69BA31D22DC510018B6CB /* MSReferenceNode.swift */ = {isa = PBXFileReference; fileEncoding = 4; lastKnownFileType = sourcecode.swift; path = MSReferenceNode.swift; sourceTree = "<group>"; };
		CCB69BA51D22DC510018B6CB /* CGFloat+Extensions.swift */ = {isa = PBXFileReference; fileEncoding = 4; lastKnownFileType = sourcecode.swift; path = "CGFloat+Extensions.swift"; sourceTree = "<group>"; };
		CCB69BA61D22DC510018B6CB /* CGPoint+Extensions.swift */ = {isa = PBXFileReference; fileEncoding = 4; lastKnownFileType = sourcecode.swift; path = "CGPoint+Extensions.swift"; sourceTree = "<group>"; };
		CCB69BA71D22DC510018B6CB /* CGVector+Extensions.swift */ = {isa = PBXFileReference; fileEncoding = 4; lastKnownFileType = sourcecode.swift; path = "CGVector+Extensions.swift"; sourceTree = "<group>"; };
		CCB69BA81D22DC510018B6CB /* Int+Extensions.swift */ = {isa = PBXFileReference; fileEncoding = 4; lastKnownFileType = sourcecode.swift; path = "Int+Extensions.swift"; sourceTree = "<group>"; };
		CCB69BA91D22DC510018B6CB /* SKAction+Extensions.swift */ = {isa = PBXFileReference; fileEncoding = 4; lastKnownFileType = sourcecode.swift; path = "SKAction+Extensions.swift"; sourceTree = "<group>"; };
		CCB69BAA1D22DC510018B6CB /* SKAction+SpecialEffects.swift */ = {isa = PBXFileReference; fileEncoding = 4; lastKnownFileType = sourcecode.swift; path = "SKAction+SpecialEffects.swift"; sourceTree = "<group>"; };
		CCB69BAB1D22DC510018B6CB /* SKColor+Extensions.swift */ = {isa = PBXFileReference; fileEncoding = 4; lastKnownFileType = sourcecode.swift; path = "SKColor+Extensions.swift"; sourceTree = "<group>"; };
		CCB69BAC1D22DC510018B6CB /* SKNode+Extensions.swift */ = {isa = PBXFileReference; fileEncoding = 4; lastKnownFileType = sourcecode.swift; path = "SKNode+Extensions.swift"; sourceTree = "<group>"; };
		CCB69BAD1D22DC510018B6CB /* SKTAudio.swift */ = {isa = PBXFileReference; fileEncoding = 4; lastKnownFileType = sourcecode.swift; path = SKTAudio.swift; sourceTree = "<group>"; };
		CCB69BAE1D22DC510018B6CB /* SKTEffects.swift */ = {isa = PBXFileReference; fileEncoding = 4; lastKnownFileType = sourcecode.swift; path = SKTEffects.swift; sourceTree = "<group>"; };
		CCB69BAF1D22DC510018B6CB /* SKTTimingFunctions.swift */ = {isa = PBXFileReference; fileEncoding = 4; lastKnownFileType = sourcecode.swift; path = SKTTimingFunctions.swift; sourceTree = "<group>"; };
		CCB69BB01D22DC510018B6CB /* Vector3.swift */ = {isa = PBXFileReference; fileEncoding = 4; lastKnownFileType = sourcecode.swift; path = Vector3.swift; sourceTree = "<group>"; };
		CCB69BBF1D22E1150018B6CB /* SushiPiece.swift */ = {isa = PBXFileReference; fileEncoding = 4; lastKnownFileType = sourcecode.swift; path = SushiPiece.swift; sourceTree = "<group>"; };
		CCB69BC11D22E4390018B6CB /* Character.swift */ = {isa = PBXFileReference; fileEncoding = 4; lastKnownFileType = sourcecode.swift; path = Character.swift; sourceTree = "<group>"; };
		CCB69BC31D22E86A0018B6CB /* AnimationActions.sks */ = {isa = PBXFileReference; lastKnownFileType = file.sks; path = AnimationActions.sks; sourceTree = "<group>"; };
/* End PBXFileReference section */

/* Begin PBXFrameworksBuildPhase section */
		CCB69B4D1D22DB160018B6CB /* Frameworks */ = {
			isa = PBXFrameworksBuildPhase;
			buildActionMask = 2147483647;
			files = (
			);
			runOnlyForDeploymentPostprocessing = 0;
		};
		CCB69B651D22DB160018B6CB /* Frameworks */ = {
			isa = PBXFrameworksBuildPhase;
			buildActionMask = 2147483647;
			files = (
			);
			runOnlyForDeploymentPostprocessing = 0;
		};
		CCB69B701D22DB160018B6CB /* Frameworks */ = {
			isa = PBXFrameworksBuildPhase;
			buildActionMask = 2147483647;
			files = (
			);
			runOnlyForDeploymentPostprocessing = 0;
		};
/* End PBXFrameworksBuildPhase section */

/* Begin PBXGroup section */
		CCB69B471D22DB160018B6CB = {
			isa = PBXGroup;
			children = (
				CCB69BC31D22E86A0018B6CB /* AnimationActions.sks */,
				CCB69B521D22DB160018B6CB /* SushiNeko */,
				CCB69B6B1D22DB160018B6CB /* SushiNekoTests */,
				CCB69B761D22DB160018B6CB /* SushiNekoUITests */,
				CCB69B511D22DB160018B6CB /* Products */,
			);
			sourceTree = "<group>";
		};
		CCB69B511D22DB160018B6CB /* Products */ = {
			isa = PBXGroup;
			children = (
				CCB69B501D22DB160018B6CB /* SushiNeko.app */,
				CCB69B681D22DB160018B6CB /* SushiNekoTests.xctest */,
				CCB69B731D22DB160018B6CB /* SushiNekoUITests.xctest */,
			);
			name = Products;
			sourceTree = "<group>";
		};
		CCB69B521D22DB160018B6CB /* SushiNeko */ = {
			isa = PBXGroup;
			children = (
				CCB69B531D22DB160018B6CB /* AppDelegate.swift */,
				CCB69B551D22DB160018B6CB /* GameScene.sks */,
				CCB69BC11D22E4390018B6CB /* Character.swift */,
				CCB69B571D22DB160018B6CB /* GameScene.swift */,
				CCB69BBF1D22E1150018B6CB /* SushiPiece.swift */,
				CCB69B591D22DB160018B6CB /* GameViewController.swift */,
				CCB69B5B1D22DB160018B6CB /* Main.storyboard */,
				CCB69BA11D22DC510018B6CB /* Utils 3 */,
				CCB69B9E1D22DBF70018B6CB /* SFX 3 */,
				CCB69B5E1D22DB160018B6CB /* Assets.xcassets */,
				CCB69B851D22DBA20018B6CB /* assets.atlas 2 */,
				CCB69B601D22DB160018B6CB /* LaunchScreen.storyboard */,
				CCB69B631D22DB160018B6CB /* Info.plist */,
			);
			path = SushiNeko;
			sourceTree = "<group>";
		};
		CCB69B6B1D22DB160018B6CB /* SushiNekoTests */ = {
			isa = PBXGroup;
			children = (
				CCB69B6C1D22DB160018B6CB /* SushiNekoTests.swift */,
				CCB69B6E1D22DB160018B6CB /* Info.plist */,
			);
			path = SushiNekoTests;
			sourceTree = "<group>";
		};
		CCB69B761D22DB160018B6CB /* SushiNekoUITests */ = {
			isa = PBXGroup;
			children = (
				CCB69B771D22DB160018B6CB /* SushiNekoUITests.swift */,
				CCB69B791D22DB160018B6CB /* Info.plist */,
			);
			path = SushiNekoUITests;
			sourceTree = "<group>";
		};
		CCB69B851D22DBA20018B6CB /* assets.atlas 2 */ = {
			isa = PBXGroup;
			children = (
				CCB69B861D22DBA20018B6CB /* background@2x.png */,
				CCB69B871D22DBA20018B6CB /* button@2x.png */,
				CCB69B881D22DBA20018B6CB /* character1@2x.png */,
				CCB69B891D22DBA20018B6CB /* character2@2x.png */,
				CCB69B8A1D22DBA20018B6CB /* character3@2x.png */,
				CCB69B8B1D22DBA20018B6CB /* chopstick@2x.png */,
				CCB69B8C1D22DBA20018B6CB /* life@2x.png */,
				CCB69B8D1D22DBA20018B6CB /* life_bg@2x.png */,
				CCB69B8E1D22DBA20018B6CB /* mat@2x.png */,
				CCB69B8F1D22DBA20018B6CB /* roll@2x.png */,
				CCB69B901D22DBA20018B6CB /* tap_left@2x.png */,
				CCB69B911D22DBA20018B6CB /* tap_right@2x.png */,
			);
			path = "assets.atlas 2";
			sourceTree = "<group>";
		};
		CCB69B9E1D22DBF70018B6CB /* SFX 3 */ = {
			isa = PBXGroup;
			children = (
				CCB69B9F1D22DBF70018B6CB /* sfx_swipe.caf */,
			);
			path = "SFX 3";
			sourceTree = "<group>";
		};
		CCB69BA11D22DC510018B6CB /* Utils 3 */ = {
			isa = PBXGroup;
			children = (
				CCB69BA21D22DC510018B6CB /* MSButtonNode.swift */,
				CCB69BA31D22DC510018B6CB /* MSReferenceNode.swift */,
				CCB69BA41D22DC510018B6CB /* SKTUtils */,
			);
			path = "Utils 3";
			sourceTree = "<group>";
		};
		CCB69BA41D22DC510018B6CB /* SKTUtils */ = {
			isa = PBXGroup;
			children = (
				CCB69BA51D22DC510018B6CB /* CGFloat+Extensions.swift */,
				CCB69BA61D22DC510018B6CB /* CGPoint+Extensions.swift */,
				CCB69BA71D22DC510018B6CB /* CGVector+Extensions.swift */,
				CCB69BA81D22DC510018B6CB /* Int+Extensions.swift */,
				CCB69BA91D22DC510018B6CB /* SKAction+Extensions.swift */,
				CCB69BAA1D22DC510018B6CB /* SKAction+SpecialEffects.swift */,
				CCB69BAB1D22DC510018B6CB /* SKColor+Extensions.swift */,
				CCB69BAC1D22DC510018B6CB /* SKNode+Extensions.swift */,
				CCB69BAD1D22DC510018B6CB /* SKTAudio.swift */,
				CCB69BAE1D22DC510018B6CB /* SKTEffects.swift */,
				CCB69BAF1D22DC510018B6CB /* SKTTimingFunctions.swift */,
				CCB69BB01D22DC510018B6CB /* Vector3.swift */,
			);
			path = SKTUtils;
			sourceTree = "<group>";
		};
/* End PBXGroup section */

/* Begin PBXNativeTarget section */
		CCB69B4F1D22DB160018B6CB /* SushiNeko */ = {
			isa = PBXNativeTarget;
			buildConfigurationList = CCB69B7C1D22DB160018B6CB /* Build configuration list for PBXNativeTarget "SushiNeko" */;
			buildPhases = (
				CCB69B4C1D22DB160018B6CB /* Sources */,
				CCB69B4D1D22DB160018B6CB /* Frameworks */,
				CCB69B4E1D22DB160018B6CB /* Resources */,
			);
			buildRules = (
			);
			dependencies = (
			);
			name = SushiNeko;
			productName = SushiNeko;
			productReference = CCB69B501D22DB160018B6CB /* SushiNeko.app */;
			productType = "com.apple.product-type.application";
		};
		CCB69B671D22DB160018B6CB /* SushiNekoTests */ = {
			isa = PBXNativeTarget;
			buildConfigurationList = CCB69B7F1D22DB160018B6CB /* Build configuration list for PBXNativeTarget "SushiNekoTests" */;
			buildPhases = (
				CCB69B641D22DB160018B6CB /* Sources */,
				CCB69B651D22DB160018B6CB /* Frameworks */,
				CCB69B661D22DB160018B6CB /* Resources */,
			);
			buildRules = (
			);
			dependencies = (
				CCB69B6A1D22DB160018B6CB /* PBXTargetDependency */,
			);
			name = SushiNekoTests;
			productName = SushiNekoTests;
			productReference = CCB69B681D22DB160018B6CB /* SushiNekoTests.xctest */;
			productType = "com.apple.product-type.bundle.unit-test";
		};
		CCB69B721D22DB160018B6CB /* SushiNekoUITests */ = {
			isa = PBXNativeTarget;
			buildConfigurationList = CCB69B821D22DB160018B6CB /* Build configuration list for PBXNativeTarget "SushiNekoUITests" */;
			buildPhases = (
				CCB69B6F1D22DB160018B6CB /* Sources */,
				CCB69B701D22DB160018B6CB /* Frameworks */,
				CCB69B711D22DB160018B6CB /* Resources */,
			);
			buildRules = (
			);
			dependencies = (
				CCB69B751D22DB160018B6CB /* PBXTargetDependency */,
			);
			name = SushiNekoUITests;
			productName = SushiNekoUITests;
			productReference = CCB69B731D22DB160018B6CB /* SushiNekoUITests.xctest */;
			productType = "com.apple.product-type.bundle.ui-testing";
		};
/* End PBXNativeTarget section */

/* Begin PBXProject section */
		CCB69B481D22DB160018B6CB /* Project object */ = {
			isa = PBXProject;
			attributes = {
				LastSwiftUpdateCheck = 0730;
				LastUpgradeCheck = 0730;
				ORGANIZATIONNAME = "Jenny Kim";
				TargetAttributes = {
					CCB69B4F1D22DB160018B6CB = {
						CreatedOnToolsVersion = 7.3.1;
					};
					CCB69B671D22DB160018B6CB = {
						CreatedOnToolsVersion = 7.3.1;
						TestTargetID = CCB69B4F1D22DB160018B6CB;
					};
					CCB69B721D22DB160018B6CB = {
						CreatedOnToolsVersion = 7.3.1;
						TestTargetID = CCB69B4F1D22DB160018B6CB;
					};
				};
			};
			buildConfigurationList = CCB69B4B1D22DB160018B6CB /* Build configuration list for PBXProject "SushiNeko" */;
			compatibilityVersion = "Xcode 3.2";
			developmentRegion = English;
			hasScannedForEncodings = 0;
			knownRegions = (
				en,
				Base,
			);
			mainGroup = CCB69B471D22DB160018B6CB;
			productRefGroup = CCB69B511D22DB160018B6CB /* Products */;
			projectDirPath = "";
			projectRoot = "";
			targets = (
				CCB69B4F1D22DB160018B6CB /* SushiNeko */,
				CCB69B671D22DB160018B6CB /* SushiNekoTests */,
				CCB69B721D22DB160018B6CB /* SushiNekoUITests */,
			);
		};
/* End PBXProject section */

/* Begin PBXResourcesBuildPhase section */
		CCB69B4E1D22DB160018B6CB /* Resources */ = {
			isa = PBXResourcesBuildPhase;
			buildActionMask = 2147483647;
			files = (
				CCB69B561D22DB160018B6CB /* GameScene.sks in Resources */,
				CCB69B621D22DB160018B6CB /* LaunchScreen.storyboard in Resources */,
				CCB69B941D22DBA20018B6CB /* character1@2x.png in Resources */,
				CCB69BA01D22DBF70018B6CB /* sfx_swipe.caf in Resources */,
				CCB69B5F1D22DB160018B6CB /* Assets.xcassets in Resources */,
				CCB69B981D22DBA20018B6CB /* life@2x.png in Resources */,
				CCB69B921D22DBA20018B6CB /* background@2x.png in Resources */,
				CCB69B9C1D22DBA20018B6CB /* tap_left@2x.png in Resources */,
				CCB69B951D22DBA20018B6CB /* character2@2x.png in Resources */,
				CCB69B9B1D22DBA20018B6CB /* roll@2x.png in Resources */,
				CCB69B9A1D22DBA20018B6CB /* mat@2x.png in Resources */,
				CCB69B991D22DBA20018B6CB /* life_bg@2x.png in Resources */,
				CCB69BC41D22E86A0018B6CB /* AnimationActions.sks in Resources */,
				CCB69B931D22DBA20018B6CB /* button@2x.png in Resources */,
				CCB69B5D1D22DB160018B6CB /* Main.storyboard in Resources */,
				CCB69B961D22DBA20018B6CB /* character3@2x.png in Resources */,
				CCB69B971D22DBA20018B6CB /* chopstick@2x.png in Resources */,
				CCB69B9D1D22DBA20018B6CB /* tap_right@2x.png in Resources */,
			);
			runOnlyForDeploymentPostprocessing = 0;
		};
		CCB69B661D22DB160018B6CB /* Resources */ = {
			isa = PBXResourcesBuildPhase;
			buildActionMask = 2147483647;
			files = (
			);
			runOnlyForDeploymentPostprocessing = 0;
		};
		CCB69B711D22DB160018B6CB /* Resources */ = {
			isa = PBXResourcesBuildPhase;
			buildActionMask = 2147483647;
			files = (
			);
			runOnlyForDeploymentPostprocessing = 0;
		};
/* End PBXResourcesBuildPhase section */

/* Begin PBXSourcesBuildPhase section */
		CCB69B4C1D22DB160018B6CB /* Sources */ = {
			isa = PBXSourcesBuildPhase;
			buildActionMask = 2147483647;
			files = (
				CCB69BB41D22DC510018B6CB /* CGPoint+Extensions.swift in Sources */,
				CCB69BBC1D22DC510018B6CB /* SKTEffects.swift in Sources */,
				CCB69BB71D22DC510018B6CB /* SKAction+Extensions.swift in Sources */,
				CCB69B581D22DB160018B6CB /* GameScene.swift in Sources */,
				CCB69BBA1D22DC510018B6CB /* SKNode+Extensions.swift in Sources */,
				CCB69B5A1D22DB160018B6CB /* GameViewController.swift in Sources */,
				CCB69BBD1D22DC510018B6CB /* SKTTimingFunctions.swift in Sources */,
				CCB69BB81D22DC510018B6CB /* SKAction+SpecialEffects.swift in Sources */,
				CCB69BB61D22DC510018B6CB /* Int+Extensions.swift in Sources */,
				CCB69BBE1D22DC510018B6CB /* Vector3.swift in Sources */,
				CCB69B541D22DB160018B6CB /* AppDelegate.swift in Sources */,
				CCB69BB91D22DC510018B6CB /* SKColor+Extensions.swift in Sources */,
				CCB69BB51D22DC510018B6CB /* CGVector+Extensions.swift in Sources */,
				CCB69BB21D22DC510018B6CB /* MSReferenceNode.swift in Sources */,
				CCB69BBB1D22DC510018B6CB /* SKTAudio.swift in Sources */,
				CCB69BC01D22E1150018B6CB /* SushiPiece.swift in Sources */,
				CCB69BB31D22DC510018B6CB /* CGFloat+Extensions.swift in Sources */,
				CCB69BB11D22DC510018B6CB /* MSButtonNode.swift in Sources */,
				CCB69BC21D22E4390018B6CB /* Character.swift in Sources */,
			);
			runOnlyForDeploymentPostprocessing = 0;
		};
		CCB69B641D22DB160018B6CB /* Sources */ = {
			isa = PBXSourcesBuildPhase;
			buildActionMask = 2147483647;
			files = (
				CCB69B6D1D22DB160018B6CB /* SushiNekoTests.swift in Sources */,
			);
			runOnlyForDeploymentPostprocessing = 0;
		};
		CCB69B6F1D22DB160018B6CB /* Sources */ = {
			isa = PBXSourcesBuildPhase;
			buildActionMask = 2147483647;
			files = (
				CCB69B781D22DB160018B6CB /* SushiNekoUITests.swift in Sources */,
			);
			runOnlyForDeploymentPostprocessing = 0;
		};
/* End PBXSourcesBuildPhase section */

/* Begin PBXTargetDependency section */
		CCB69B6A1D22DB160018B6CB /* PBXTargetDependency */ = {
			isa = PBXTargetDependency;
			target = CCB69B4F1D22DB160018B6CB /* SushiNeko */;
			targetProxy = CCB69B691D22DB160018B6CB /* PBXContainerItemProxy */;
		};
		CCB69B751D22DB160018B6CB /* PBXTargetDependency */ = {
			isa = PBXTargetDependency;
			target = CCB69B4F1D22DB160018B6CB /* SushiNeko */;
			targetProxy = CCB69B741D22DB160018B6CB /* PBXContainerItemProxy */;
		};
/* End PBXTargetDependency section */

/* Begin PBXVariantGroup section */
		CCB69B5B1D22DB160018B6CB /* Main.storyboard */ = {
			isa = PBXVariantGroup;
			children = (
				CCB69B5C1D22DB160018B6CB /* Base */,
			);
			name = Main.storyboard;
			sourceTree = "<group>";
		};
		CCB69B601D22DB160018B6CB /* LaunchScreen.storyboard */ = {
			isa = PBXVariantGroup;
			children = (
				CCB69B611D22DB160018B6CB /* Base */,
			);
			name = LaunchScreen.storyboard;
			sourceTree = "<group>";
		};
/* End PBXVariantGroup section */

/* Begin XCBuildConfiguration section */
		CCB69B7A1D22DB160018B6CB /* Debug */ = {
			isa = XCBuildConfiguration;
			buildSettings = {
				ALWAYS_SEARCH_USER_PATHS = NO;
				CLANG_ANALYZER_NONNULL = YES;
				CLANG_CXX_LANGUAGE_STANDARD = "gnu++0x";
				CLANG_CXX_LIBRARY = "libc++";
				CLANG_ENABLE_MODULES = YES;
				CLANG_ENABLE_OBJC_ARC = YES;
				CLANG_WARN_BOOL_CONVERSION = YES;
				CLANG_WARN_CONSTANT_CONVERSION = YES;
				CLANG_WARN_DIRECT_OBJC_ISA_USAGE = YES_ERROR;
				CLANG_WARN_EMPTY_BODY = YES;
				CLANG_WARN_ENUM_CONVERSION = YES;
				CLANG_WARN_INT_CONVERSION = YES;
				CLANG_WARN_OBJC_ROOT_CLASS = YES_ERROR;
				CLANG_WARN_UNREACHABLE_CODE = YES;
				CLANG_WARN__DUPLICATE_METHOD_MATCH = YES;
				"CODE_SIGN_IDENTITY[sdk=iphoneos*]" = "iPhone Developer";
				COPY_PHASE_STRIP = NO;
				DEBUG_INFORMATION_FORMAT = "dwarf-with-dsym";
				ENABLE_STRICT_OBJC_MSGSEND = YES;
				ENABLE_TESTABILITY = YES;
				GCC_C_LANGUAGE_STANDARD = gnu99;
				GCC_DYNAMIC_NO_PIC = NO;
				GCC_NO_COMMON_BLOCKS = YES;
				GCC_OPTIMIZATION_LEVEL = 0;
				GCC_PREPROCESSOR_DEFINITIONS = (
					"DEBUG=1",
					"$(inherited)",
				);
				GCC_WARN_64_TO_32_BIT_CONVERSION = YES;
				GCC_WARN_ABOUT_RETURN_TYPE = YES_ERROR;
				GCC_WARN_UNDECLARED_SELECTOR = YES;
				GCC_WARN_UNINITIALIZED_AUTOS = YES_AGGRESSIVE;
				GCC_WARN_UNUSED_FUNCTION = YES;
				GCC_WARN_UNUSED_VARIABLE = YES;
				IPHONEOS_DEPLOYMENT_TARGET = 9.3;
				MTL_ENABLE_DEBUG_INFO = YES;
				ONLY_ACTIVE_ARCH = YES;
				SDKROOT = iphoneos;
				SWIFT_OPTIMIZATION_LEVEL = "-Onone";
				TARGETED_DEVICE_FAMILY = "1,2";
			};
			name = Debug;
		};
		CCB69B7B1D22DB160018B6CB /* Release */ = {
			isa = XCBuildConfiguration;
			buildSettings = {
				ALWAYS_SEARCH_USER_PATHS = NO;
				CLANG_ANALYZER_NONNULL = YES;
				CLANG_CXX_LANGUAGE_STANDARD = "gnu++0x";
				CLANG_CXX_LIBRARY = "libc++";
				CLANG_ENABLE_MODULES = YES;
				CLANG_ENABLE_OBJC_ARC = YES;
				CLANG_WARN_BOOL_CONVERSION = YES;
				CLANG_WARN_CONSTANT_CONVERSION = YES;
				CLANG_WARN_DIRECT_OBJC_ISA_USAGE = YES_ERROR;
				CLANG_WARN_EMPTY_BODY = YES;
				CLANG_WARN_ENUM_CONVERSION = YES;
				CLANG_WARN_INT_CONVERSION = YES;
				CLANG_WARN_OBJC_ROOT_CLASS = YES_ERROR;
				CLANG_WARN_UNREACHABLE_CODE = YES;
				CLANG_WARN__DUPLICATE_METHOD_MATCH = YES;
				"CODE_SIGN_IDENTITY[sdk=iphoneos*]" = "iPhone Developer";
				COPY_PHASE_STRIP = NO;
				DEBUG_INFORMATION_FORMAT = "dwarf-with-dsym";
				ENABLE_NS_ASSERTIONS = NO;
				ENABLE_STRICT_OBJC_MSGSEND = YES;
				GCC_C_LANGUAGE_STANDARD = gnu99;
				GCC_NO_COMMON_BLOCKS = YES;
				GCC_WARN_64_TO_32_BIT_CONVERSION = YES;
				GCC_WARN_ABOUT_RETURN_TYPE = YES_ERROR;
				GCC_WARN_UNDECLARED_SELECTOR = YES;
				GCC_WARN_UNINITIALIZED_AUTOS = YES_AGGRESSIVE;
				GCC_WARN_UNUSED_FUNCTION = YES;
				GCC_WARN_UNUSED_VARIABLE = YES;
				IPHONEOS_DEPLOYMENT_TARGET = 9.3;
				MTL_ENABLE_DEBUG_INFO = NO;
				SDKROOT = iphoneos;
				TARGETED_DEVICE_FAMILY = "1,2";
				VALIDATE_PRODUCT = YES;
			};
			name = Release;
		};
		CCB69B7D1D22DB160018B6CB /* Debug */ = {
			isa = XCBuildConfiguration;
			buildSettings = {
				ASSETCATALOG_COMPILER_APPICON_NAME = AppIcon;
				INFOPLIST_FILE = SushiNeko/Info.plist;
				LD_RUNPATH_SEARCH_PATHS = "$(inherited) @executable_path/Frameworks";
				PRODUCT_BUNDLE_IDENTIFIER = com.makeschool.SushiNeko;
				PRODUCT_NAME = "$(TARGET_NAME)";
			};
			name = Debug;
		};
		CCB69B7E1D22DB160018B6CB /* Release */ = {
			isa = XCBuildConfiguration;
			buildSettings = {
				ASSETCATALOG_COMPILER_APPICON_NAME = AppIcon;
				INFOPLIST_FILE = SushiNeko/Info.plist;
				LD_RUNPATH_SEARCH_PATHS = "$(inherited) @executable_path/Frameworks";
				PRODUCT_BUNDLE_IDENTIFIER = com.makeschool.SushiNeko;
				PRODUCT_NAME = "$(TARGET_NAME)";
			};
			name = Release;
		};
		CCB69B801D22DB160018B6CB /* Debug */ = {
			isa = XCBuildConfiguration;
			buildSettings = {
				BUNDLE_LOADER = "$(TEST_HOST)";
				DEBUG_INFORMATION_FORMAT = dwarf;
				INFOPLIST_FILE = SushiNekoTests/Info.plist;
				LD_RUNPATH_SEARCH_PATHS = "$(inherited) @executable_path/Frameworks @loader_path/Frameworks";
				PRODUCT_BUNDLE_IDENTIFIER = com.makeschool.SushiNekoTests;
				PRODUCT_NAME = "$(TARGET_NAME)";
				TEST_HOST = "$(BUILT_PRODUCTS_DIR)/SushiNeko.app/SushiNeko";
			};
			name = Debug;
		};
		CCB69B811D22DB160018B6CB /* Release */ = {
			isa = XCBuildConfiguration;
			buildSettings = {
				BUNDLE_LOADER = "$(TEST_HOST)";
				INFOPLIST_FILE = SushiNekoTests/Info.plist;
				LD_RUNPATH_SEARCH_PATHS = "$(inherited) @executable_path/Frameworks @loader_path/Frameworks";
				PRODUCT_BUNDLE_IDENTIFIER = com.makeschool.SushiNekoTests;
				PRODUCT_NAME = "$(TARGET_NAME)";
				TEST_HOST = "$(BUILT_PRODUCTS_DIR)/SushiNeko.app/SushiNeko";
			};
			name = Release;
		};
		CCB69B831D22DB160018B6CB /* Debug */ = {
			isa = XCBuildConfiguration;
			buildSettings = {
				DEBUG_INFORMATION_FORMAT = dwarf;
				INFOPLIST_FILE = SushiNekoUITests/Info.plist;
				LD_RUNPATH_SEARCH_PATHS = "$(inherited) @executable_path/Frameworks @loader_path/Frameworks";
				PRODUCT_BUNDLE_IDENTIFIER = com.makeschool.SushiNekoUITests;
				PRODUCT_NAME = "$(TARGET_NAME)";
				TEST_TARGET_NAME = SushiNeko;
			};
			name = Debug;
		};
		CCB69B841D22DB160018B6CB /* Release */ = {
			isa = XCBuildConfiguration;
			buildSettings = {
				INFOPLIST_FILE = SushiNekoUITests/Info.plist;
				LD_RUNPATH_SEARCH_PATHS = "$(inherited) @executable_path/Frameworks @loader_path/Frameworks";
				PRODUCT_BUNDLE_IDENTIFIER = com.makeschool.SushiNekoUITests;
				PRODUCT_NAME = "$(TARGET_NAME)";
				TEST_TARGET_NAME = SushiNeko;
			};
			name = Release;
		};
/* End XCBuildConfiguration section */

/* Begin XCConfigurationList section */
		CCB69B4B1D22DB160018B6CB /* Build configuration list for PBXProject "SushiNeko" */ = {
			isa = XCConfigurationList;
			buildConfigurations = (
				CCB69B7A1D22DB160018B6CB /* Debug */,
				CCB69B7B1D22DB160018B6CB /* Release */,
			);
			defaultConfigurationIsVisible = 0;
			defaultConfigurationName = Release;
		};
		CCB69B7C1D22DB160018B6CB /* Build configuration list for PBXNativeTarget "SushiNeko" */ = {
			isa = XCConfigurationList;
			buildConfigurations = (
				CCB69B7D1D22DB160018B6CB /* Debug */,
				CCB69B7E1D22DB160018B6CB /* Release */,
			);
			defaultConfigurationIsVisible = 0;
			defaultConfigurationName = Release;
		};
		CCB69B7F1D22DB160018B6CB /* Build configuration list for PBXNativeTarget "SushiNekoTests" */ = {
			isa = XCConfigurationList;
			buildConfigurations = (
				CCB69B801D22DB160018B6CB /* Debug */,
				CCB69B811D22DB160018B6CB /* Release */,
			);
			defaultConfigurationIsVisible = 0;
			defaultConfigurationName = Release;
		};
		CCB69B821D22DB160018B6CB /* Build configuration list for PBXNativeTarget "SushiNekoUITests" */ = {
			isa = XCConfigurationList;
			buildConfigurations = (
				CCB69B831D22DB160018B6CB /* Debug */,
				CCB69B841D22DB160018B6CB /* Release */,
			);
			defaultConfigurationIsVisible = 0;
			defaultConfigurationName = Release;
		};
/* End XCConfigurationList section */
	};
	rootObject = CCB69B481D22DB160018B6CB /* Project object */;
}
